{
  "name": "_convert",
  "version": "1.0.0",
  "lockfileVersion": 3,
  "requires": true,
  "packages": {
    "": {
      "name": "_convert",
      "version": "1.0.0",
      "license": "ISC",
      "dependencies": {
        "assimpjs": "^0.0.10",
        "three": "^0.185.1"
      }
    },
    "node_modules/assimpjs": {
      "version": "0.0.10",
      "resolved": "https://registry.npmjs.org/assimpjs/-/assimpjs-0.0.10.tgz",
      "integrity": "sha512-iY8M+eQzdCvfSkdduj6sPmIbP2fIn40PK6JRrAMxBawL3tHG6Mm0qvitkxB3ZoFBug5o7IdbzQK+jujZTopGPQ==",
      "license": "MIT"
    },
    "node_modules/three": {
      "version": "0.185.1",
      "resolved": "https://registry.npmjs.org/three/-/three-0.185.1.tgz",
      "integrity": "sha512-5aojFCXKwnjBRZvUnt3WFfEcvUJgkN5LlijRFN95hMy8WVkG4I0QNcJE+OuWvuJ0bOdStrbfXn0pkd6/QyiAlg==",
      "license": "MIT"
    }
  }
}
